
Microsoft Visual Studio Solution File, Format Version 12.00
# Visual Studio Version 17
VisualStudioVersion = 17.4.33015.44
MinimumVisualStudioVersion = 10.0.40219.1
Project("{FAE04EC0-301F-11D3-BF4B-00C04F79EFBC}") = "EpiphanyDiag", "EpiphanyDiag\EpiphanyDiag.csproj", "{5DB6B965-E3C1-4253-9BC4-45BE578BC35F}"
EndProject
Global
	GlobalSection(SolutionConfigurationPlatforms) = preSolution
		Debug|Any CPU = Debug|Any CPU
		Release|Any CPU = Release|Any CPU
	EndGlobalSection
	GlobalSection(ProjectConfigurationPlatforms) = postSolution
		{5DB6B965-E3C1-4253-9BC4-45BE578BC35F}.Debug|Any CPU.ActiveCfg = Debug|Any CPU
		{5DB6B965-E3C1-4253-9BC4-45BE578BC35F}.Debug|Any CPU.Build.0 = Debug|Any CPU
		{5DB6B965-E3C1-4253-9BC4-45BE578BC35F}.Release|Any CPU.ActiveCfg = Release|Any CPU
		{5DB6B965-E3C1-4253-9BC4-45BE578BC35F}.Release|Any CPU.Build.0 = Release|Any CPU
	EndGlobalSection
	GlobalSection(SolutionProperties) = preSolution
		HideSolutionNode = FALSE
	EndGlobalSection
	GlobalSection(ExtensibilityGlobals) = postSolution
		SolutionGuid = {6FF81E20-AADD-4D9C-8C3A-F0F563FB43B4}
	EndGlobalSection
EndGlobal
